// !$*UTF8*$!
{
	archiveVersion = 1;
	classes = {
	};
	objectVersion = 46;
	objects = {

/* Begin PBXBuildFile section */
		E42619241A1BB13A005DE753 /* AppDelegate.swift in Sources */ = {isa = PBXBuildFile; fileRef = E42619231A1BB13A005DE753 /* AppDelegate.swift */; };
		E42619261A1BB13A005DE753 /* ViewController.swift in Sources */ = {isa = PBXBuildFile; fileRef = E42619251A1BB13A005DE753 /* ViewController.swift */; };
		E42619291A1BB13A005DE753 /* Main.storyboard in Resources */ = {isa = PBXBuildFile; fileRef = E42619271A1BB13A005DE753 /* Main.storyboard */; };
		E426192B1A1BB13A005DE753 /* Images.xcassets in Resources */ = {isa = PBXBuildFile; fileRef = E426192A1A1BB13A005DE753 /* Images.xcassets */; };
		E426192E1A1BB13A005DE753 /* LaunchScreen.xib in Resources */ = {isa = PBXBuildFile; fileRef = E426192C1A1BB13A005DE753 /* LaunchScreen.xib */; };
		E426193A1A1BB13A005DE753 /* MechanicalArmTests.swift in Sources */ = {isa = PBXBuildFile; fileRef = E42619391A1BB13A005DE753 /* MechanicalArmTests.swift */; };
		E42619461A1BB1D2005DE753 /* MechanicalArmView.swift in Sources */ = {isa = PBXBuildFile; fileRef = E42619451A1BB1D2005DE753 /* MechanicalArmView.swift */; };
		E42619481A1BB296005DE753 /* StyleKitName.swift in Sources */ = {isa = PBXBuildFile; fileRef = E42619471A1BB296005DE753 /* StyleKitName.swift */; };
/* End PBXBuildFile section */

/* Begin PBXContainerItemProxy section */
		E42619341A1BB13A005DE753 /* PBXContainerItemProxy */ = {
			isa = PBXContainerItemProxy;
			containerPortal = E42619161A1BB13A005DE753 /* Project object */;
			proxyType = 1;
			remoteGlobalIDString = E426191D1A1BB13A005DE753;
			remoteInfo = MechanicalArm;
		};
/* End PBXContainerItemProxy section */

/* Begin PBXFileReference section */
		E426191E1A1BB13A005DE753 /* MechanicalArm.app */ = {isa = PBXFileReference; explicitFileType = wrapper.application; includeInIndex = 0; path = MechanicalArm.app; sourceTree = BUILT_PRODUCTS_DIR; };
		E42619221A1BB13A005DE753 /* Info.plist */ = {isa = PBXFileReference; lastKnownFileType = text.plist.xml; path = Info.plist; sourceTree = "<group>"; };
		E42619231A1BB13A005DE753 /* AppDelegate.swift */ = {isa = PBXFileReference; lastKnownFileType = sourcecode.swift; path = AppDelegate.swift; sourceTree = "<group>"; };
		E42619251A1BB13A005DE753 /* ViewController.swift */ = {isa = PBXFileReference; lastKnownFileType = sourcecode.swift; path = ViewController.swift; sourceTree = "<group>"; };
		E42619281A1BB13A005DE753 /* Base */ = {isa = PBXFileReference; lastKnownFileType = file.storyboard; name = Base; path = Base.lproj/Main.storyboard; sourceTree = "<group>"; };
		E426192A1A1BB13A005DE753 /* Images.xcassets */ = {isa = PBXFileReference; lastKnownFileType = folder.assetcatalog; path = Images.xcassets; sourceTree = "<group>"; };
		E426192D1A1BB13A005DE753 /* Base */ = {isa = PBXFileReference; lastKnownFileType = file.xib; name = Base; path = Base.lproj/LaunchScreen.xib; sourceTree = "<group>"; };
		E42619331A1BB13A005DE753 /* MechanicalArmTests.xctest */ = {isa = PBXFileReference; explicitFileType = wrapper.cfbundle; includeInIndex = 0; path = MechanicalArmTests.xctest; sourceTree = BUILT_PRODUCTS_DIR; };
		E42619381A1BB13A005DE753 /* Info.plist */ = {isa = PBXFileReference; lastKnownFileType = text.plist.xml; path = Info.plist; sourceTree = "<group>"; };
		E42619391A1BB13A005DE753 /* MechanicalArmTests.swift */ = {isa = PBXFileReference; lastKnownFileType = sourcecode.swift; path = MechanicalArmTests.swift; sourceTree = "<group>"; };
		E42619451A1BB1D2005DE753 /* MechanicalArmView.swift */ = {isa = PBXFileReference; fileEncoding = 4; lastKnownFileType = sourcecode.swift; path = MechanicalArmView.swift; sourceTree = "<group>"; };
		E42619471A1BB296005DE753 /* StyleKitName.swift */ = {isa = PBXFileReference; fileEncoding = 4; lastKnownFileType = sourcecode.swift; path = StyleKitName.swift; sourceTree = "<group>"; };
/* End PBXFileReference section */

/* Begin PBXFrameworksBuildPhase section */
		E426191B1A1BB13A005DE753 /* Frameworks */ = {
			isa = PBXFrameworksBuildPhase;
			buildActionMask = 2147483647;
			files = (
			);
			runOnlyForDeploymentPostprocessing = 0;
		};
		E42619301A1BB13A005DE753 /* Frameworks */ = {
			isa = PBXFrameworksBuildPhase;
			buildActionMask = 2147483647;
			files = (
			);
			runOnlyForDeploymentPostprocessing = 0;
		};
/* End PBXFrameworksBuildPhase section */

/* Begin PBXGroup section */
		E42619151A1BB13A005DE753 = {
			isa = PBXGroup;
			children = (
				E42619201A1BB13A005DE753 /* MechanicalArm */,
				E42619361A1BB13A005DE753 /* MechanicalArmTests */,
				E426191F1A1BB13A005DE753 /* Products */,
			);
			sourceTree = "<group>";
		};
		E426191F1A1BB13A005DE753 /* Products */ = {
			isa = PBXGroup;
			children = (
				E426191E1A1BB13A005DE753 /* MechanicalArm.app */,
				E42619331A1BB13A005DE753 /* MechanicalArmTests.xctest */,
			);
			name = Products;
			sourceTree = "<group>";
		};
		E42619201A1BB13A005DE753 /* MechanicalArm */ = {
			isa = PBXGroup;
			children = (
				E42619471A1BB296005DE753 /* StyleKitName.swift */,
				E42619231A1BB13A005DE753 /* AppDelegate.swift */,
				E42619251A1BB13A005DE753 /* ViewController.swift */,
				E42619271A1BB13A005DE753 /* Main.storyboard */,
				E426192A1A1BB13A005DE753 /* Images.xcassets */,
				E426192C1A1BB13A005DE753 /* LaunchScreen.xib */,
				E42619211A1BB13A005DE753 /* Supporting Files */,
				E42619451A1BB1D2005DE753 /* MechanicalArmView.swift */,
			);
			path = MechanicalArm;
			sourceTree = "<group>";
		};
		E42619211A1BB13A005DE753 /* Supporting Files */ = {
			isa = PBXGroup;
			children = (
				E42619221A1BB13A005DE753 /* Info.plist */,
			);
			name = "Supporting Files";
			sourceTree = "<group>";
		};
		E42619361A1BB13A005DE753 /* MechanicalArmTests */ = {
			isa = PBXGroup;
			children = (
				E42619391A1BB13A005DE753 /* MechanicalArmTests.swift */,
				E42619371A1BB13A005DE753 /* Supporting Files */,
			);
			path = MechanicalArmTests;
			sourceTree = "<group>";
		};
		E42619371A1BB13A005DE753 /* Supporting Files */ = {
			isa = PBXGroup;
			children = (
				E42619381A1BB13A005DE753 /* Info.plist */,
			);
			name = "Supporting Files";
			sourceTree = "<group>";
		};
/* End PBXGroup section */

/* Begin PBXNativeTarget section */
		E426191D1A1BB13A005DE753 /* MechanicalArm */ = {
			isa = PBXNativeTarget;
			buildConfigurationList = E426193D1A1BB13A005DE753 /* Build configuration list for PBXNativeTarget "MechanicalArm" */;
			buildPhases = (
				E426191A1A1BB13A005DE753 /* Sources */,
				E426191B1A1BB13A005DE753 /* Frameworks */,
				E426191C1A1BB13A005DE753 /* Resources */,
			);
			buildRules = (
			);
			dependencies = (
			);
			name = MechanicalArm;
			productName = MechanicalArm;
			productReference = E426191E1A1BB13A005DE753 /* MechanicalArm.app */;
			productType = "com.apple.product-type.application";
		};
		E42619321A1BB13A005DE753 /* MechanicalArmTests */ = {
			isa = PBXNativeTarget;
			buildConfigurationList = E42619401A1BB13A005DE753 /* Build configuration list for PBXNativeTarget "MechanicalArmTests" */;
			buildPhases = (
				E426192F1A1BB13A005DE753 /* Sources */,
				E42619301A1BB13A005DE753 /* Frameworks */,
				E42619311A1BB13A005DE753 /* Resources */,
			);
			buildRules = (
			);
			dependencies = (
				E42619351A1BB13A005DE753 /* PBXTargetDependency */,
			);
			name = MechanicalArmTests;
			productName = MechanicalArmTests;
			productReference = E42619331A1BB13A005DE753 /* MechanicalArmTests.xctest */;
			productType = "com.apple.product-type.bundle.unit-test";
		};
/* End PBXNativeTarget section */

/* Begin PBXProject section */
		E42619161A1BB13A005DE753 /* Project object */ = {
			isa = PBXProject;
			attributes = {
				LastUpgradeCheck = 0610;
				ORGANIZATIONNAME = "Crispin Porter + Bogusky";
				TargetAttributes = {
					E426191D1A1BB13A005DE753 = {
						CreatedOnToolsVersion = 6.1;
					};
					E42619321A1BB13A005DE753 = {
						CreatedOnToolsVersion = 6.1;
						TestTargetID = E426191D1A1BB13A005DE753;
					};
				};
			};
			buildConfigurationList = E42619191A1BB13A005DE753 /* Build configuration list for PBXProject "MechanicalArm" */;
			compatibilityVersion = "Xcode 3.2";
			developmentRegion = English;
			hasScannedForEncodings = 0;
			knownRegions = (
				en,
				Base,
			);
			mainGroup = E42619151A1BB13A005DE753;
			productRefGroup = E426191F1A1BB13A005DE753 /* Products */;
			projectDirPath = "";
			projectRoot = "";
			targets = (
				E426191D1A1BB13A005DE753 /* MechanicalArm */,
				E42619321A1BB13A005DE753 /* MechanicalArmTests */,
			);
		};
/* End PBXProject section */

/* Begin PBXResourcesBuildPhase section */
		E426191C1A1BB13A005DE753 /* Resources */ = {
			isa = PBXResourcesBuildPhase;
			buildActionMask = 2147483647;
			files = (
				E42619291A1BB13A005DE753 /* Main.storyboard in Resources */,
				E426192E1A1BB13A005DE753 /* LaunchScreen.xib in Resources */,
				E426192B1A1BB13A005DE753 /* Images.xcassets in Resources */,
			);
			runOnlyForDeploymentPostprocessing = 0;
		};
		E42619311A1BB13A005DE753 /* Resources */ = {
			isa = PBXResourcesBuildPhase;
			buildActionMask = 2147483647;
			files = (
			);
			runOnlyForDeploymentPostprocessing = 0;
		};
/* End PBXResourcesBuildPhase section */

/* Begin PBXSourcesBuildPhase section */
		E426191A1A1BB13A005DE753 /* Sources */ = {
			isa = PBXSourcesBuildPhase;
			buildActionMask = 2147483647;
			files = (
				E42619461A1BB1D2005DE753 /* MechanicalArmView.swift in Sources */,
				E42619261A1BB13A005DE753 /* ViewController.swift in Sources */,
				E42619241A1BB13A005DE753 /* AppDelegate.swift in Sources */,
				E42619481A1BB296005DE753 /* StyleKitName.swift in Sources */,
			);
			runOnlyForDeploymentPostprocessing = 0;
		};
		E426192F1A1BB13A005DE753 /* Sources */ = {
			isa = PBXSourcesBuildPhase;
			buildActionMask = 2147483647;
			files = (
				E426193A1A1BB13A005DE753 /* MechanicalArmTests.swift in Sources */,
			);
			runOnlyForDeploymentPostprocessing = 0;
		};
/* End PBXSourcesBuildPhase section */

/* Begin PBXTargetDependency section */
		E42619351A1BB13A005DE753 /* PBXTargetDependency */ = {
			isa = PBXTargetDependency;
			target = E426191D1A1BB13A005DE753 /* MechanicalArm */;
			targetProxy = E42619341A1BB13A005DE753 /* PBXContainerItemProxy */;
		};
/* End PBXTargetDependency section */

/* Begin PBXVariantGroup section */
		E42619271A1BB13A005DE753 /* Main.storyboard */ = {
			isa = PBXVariantGroup;
			children = (
				E42619281A1BB13A005DE753 /* Base */,
			);
			name = Main.storyboard;
			sourceTree = "<group>";
		};
		E426192C1A1BB13A005DE753 /* LaunchScreen.xib */ = {
			isa = PBXVariantGroup;
			children = (
				E426192D1A1BB13A005DE753 /* Base */,
			);
			name = LaunchScreen.xib;
			sourceTree = "<group>";
		};
/* End PBXVariantGroup section */

/* Begin XCBuildConfiguration section */
		E426193B1A1BB13A005DE753 /* Debug */ = {
			isa = XCBuildConfiguration;
			buildSettings = {
				ALWAYS_SEARCH_USER_PATHS = NO;
				CLANG_CXX_LANGUAGE_STANDARD = "gnu++0x";
				CLANG_CXX_LIBRARY = "libc++";
				CLANG_ENABLE_MODULES = YES;
				CLANG_ENABLE_OBJC_ARC = YES;
				CLANG_WARN_BOOL_CONVERSION = YES;
				CLANG_WARN_CONSTANT_CONVERSION = YES;
				CLANG_WARN_DIRECT_OBJC_ISA_USAGE = YES_ERROR;
				CLANG_WARN_EMPTY_BODY = YES;
				CLANG_WARN_ENUM_CONVERSION = YES;
				CLANG_WARN_INT_CONVERSION = YES;
				CLANG_WARN_OBJC_ROOT_CLASS = YES_ERROR;
				CLANG_WARN_UNREACHABLE_CODE = YES;
				CLANG_WARN__DUPLICATE_METHOD_MATCH = YES;
				"CODE_SIGN_IDENTITY[sdk=iphoneos*]" = "iPhone Developer";
				COPY_PHASE_STRIP = NO;
				ENABLE_STRICT_OBJC_MSGSEND = YES;
				GCC_C_LANGUAGE_STANDARD = gnu99;
				GCC_DYNAMIC_NO_PIC = NO;
				GCC_OPTIMIZATION_LEVEL = 0;
				GCC_PREPROCESSOR_DEFINITIONS = (
					"DEBUG=1",
					"$(inherited)",
				);
				GCC_SYMBOLS_PRIVATE_EXTERN = NO;
				GCC_WARN_64_TO_32_BIT_CONVERSION = YES;
				GCC_WARN_ABOUT_RETURN_TYPE = YES_ERROR;
				GCC_WARN_UNDECLARED_SELECTOR = YES;
				GCC_WARN_UNINITIALIZED_AUTOS = YES_AGGRESSIVE;
				GCC_WARN_UNUSED_FUNCTION = YES;
				GCC_WARN_UNUSED_VARIABLE = YES;
				IPHONEOS_DEPLOYMENT_TARGET = 8.1;
				MTL_ENABLE_DEBUG_INFO = YES;
				ONLY_ACTIVE_ARCH = YES;
				SDKROOT = iphoneos;
				SWIFT_OPTIMIZATION_LEVEL = "-Onone";
			};
			name = Debug;
		};
		E426193C1A1BB13A005DE753 /* Release */ = {
			isa = XCBuildConfiguration;
			buildSettings = {
				ALWAYS_SEARCH_USER_PATHS = NO;
				CLANG_CXX_LANGUAGE_STANDARD = "gnu++0x";
				CLANG_CXX_LIBRARY = "libc++";
				CLANG_ENABLE_MODULES = YES;
				CLANG_ENABLE_OBJC_ARC = YES;
				CLANG_WARN_BOOL_CONVERSION = YES;
				CLANG_WARN_CONSTANT_CONVERSION = YES;
				CLANG_WARN_DIRECT_OBJC_ISA_USAGE = YES_ERROR;
				CLANG_WARN_EMPTY_BODY = YES;
				CLANG_WARN_ENUM_CONVERSION = YES;
				CLANG_WARN_INT_CONVERSION = YES;
				CLANG_WARN_OBJC_ROOT_CLASS = YES_ERROR;
				CLANG_WARN_UNREACHABLE_CODE = YES;
				CLANG_WARN__DUPLICATE_METHOD_MATCH = YES;
				"CODE_SIGN_IDENTITY[sdk=iphoneos*]" = "iPhone Developer";
				COPY_PHASE_STRIP = YES;
				ENABLE_NS_ASSERTIONS = NO;
				ENABLE_STRICT_OBJC_MSGSEND = YES;
				GCC_C_LANGUAGE_STANDARD = gnu99;
				GCC_WARN_64_TO_32_BIT_CONVERSION = YES;
				GCC_WARN_ABOUT_RETURN_TYPE = YES_ERROR;
				GCC_WARN_UNDECLARED_SELECTOR = YES;
				GCC_WARN_UNINITIALIZED_AUTOS = YES_AGGRESSIVE;
				GCC_WARN_UNUSED_FUNCTION = YES;
				GCC_WARN_UNUSED_VARIABLE = YES;
				IPHONEOS_DEPLOYMENT_TARGET = 8.1;
				MTL_ENABLE_DEBUG_INFO = NO;
				SDKROOT = iphoneos;
				VALIDATE_PRODUCT = YES;
			};
			name = Release;
		};
		E426193E1A1BB13A005DE753 /* Debug */ = {
			isa = XCBuildConfiguration;
			buildSettings = {
				ASSETCATALOG_COMPILER_APPICON_NAME = AppIcon;
				INFOPLIST_FILE = MechanicalArm/Info.plist;
				LD_RUNPATH_SEARCH_PATHS = "$(inherited) @executable_path/Frameworks";
				PRODUCT_NAME = "$(TARGET_NAME)";
			};
			name = Debug;
		};
		E426193F1A1BB13A005DE753 /* Release */ = {
			isa = XCBuildConfiguration;
			buildSettings = {
				ASSETCATALOG_COMPILER_APPICON_NAME = AppIcon;
				INFOPLIST_FILE = MechanicalArm/Info.plist;
				LD_RUNPATH_SEARCH_PATHS = "$(inherited) @executable_path/Frameworks";
				PRODUCT_NAME = "$(TARGET_NAME)";
			};
			name = Release;
		};
		E42619411A1BB13A005DE753 /* Debug */ = {
			isa = XCBuildConfiguration;
			buildSettings = {
				BUNDLE_LOADER = "$(TEST_HOST)";
				FRAMEWORK_SEARCH_PATHS = (
					"$(SDKROOT)/Developer/Library/Frameworks",
					"$(inherited)",
				);
				GCC_PREPROCESSOR_DEFINITIONS = (
					"DEBUG=1",
					"$(inherited)",
				);
				INFOPLIST_FILE = MechanicalArmTests/Info.plist;
				LD_RUNPATH_SEARCH_PATHS = "$(inherited) @executable_path/Frameworks @loader_path/Frameworks";
				PRODUCT_NAME = "$(TARGET_NAME)";
				TEST_HOST = "$(BUILT_PRODUCTS_DIR)/MechanicalArm.app/MechanicalArm";
			};
			name = Debug;
		};
		E42619421A1BB13A005DE753 /* Release */ = {
			isa = XCBuildConfiguration;
			buildSettings = {
				BUNDLE_LOADER = "$(TEST_HOST)";
				FRAMEWORK_SEARCH_PATHS = (
					"$(SDKROOT)/Developer/Library/Frameworks",
					"$(inherited)",
				);
				INFOPLIST_FILE = MechanicalArmTests/Info.plist;
				LD_RUNPATH_SEARCH_PATHS = "$(inherited) @executable_path/Frameworks @loader_path/Frameworks";
				PRODUCT_NAME = "$(TARGET_NAME)";
				TEST_HOST = "$(BUILT_PRODUCTS_DIR)/MechanicalArm.app/MechanicalArm";
			};
			name = Release;
		};
/* End XCBuildConfiguration section */

/* Begin XCConfigurationList section */
		E42619191A1BB13A005DE753 /* Build configuration list for PBXProject "MechanicalArm" */ = {
			isa = XCConfigurationList;
			buildConfigurations = (
				E426193B1A1BB13A005DE753 /* Debug */,
				E426193C1A1BB13A005DE753 /* Release */,
			);
			defaultConfigurationIsVisible = 0;
			defaultConfigurationName = Release;
		};
		E426193D1A1BB13A005DE753 /* Build configuration list for PBXNativeTarget "MechanicalArm" */ = {
			isa = XCConfigurationList;
			buildConfigurations = (
				E426193E1A1BB13A005DE753 /* Debug */,
				E426193F1A1BB13A005DE753 /* Release */,
			);
			defaultConfigurationIsVisible = 0;
		};
		E42619401A1BB13A005DE753 /* Build configuration list for PBXNativeTarget "MechanicalArmTests" */ = {
			isa = XCConfigurationList;
			buildConfigurations = (
				E42619411A1BB13A005DE753 /* Debug */,
				E42619421A1BB13A005DE753 /* Release */,
			);
			defaultConfigurationIsVisible = 0;
		};
/* End XCConfigurationList section */
	};
	rootObject = E42619161A1BB13A005DE753 /* Project object */;
}
